{
  "name": "e-commerce",
  "version": "1.0.0",
  "lockfileVersion": 2,
  "requires": true,
  "packages": {
    "": {
      "name": "e-commerce",
      "version": "1.0.0",
      "license": "MIT",
      "dependencies": {
        "cart": "file:../cart",
        "products": "file:../products"
      }
    },
    "../cart": {
      "version": "1.0.0",
      "license": "MIT"
    },
    "../products": {
      "version": "1.0.0",
      "license": "MIT"
    },
    "node_modules/cart": {
      "resolved": "../cart",
      "link": true
    },
    "node_modules/products": {
      "resolved": "../products",
      "link": true
    }
  },
  "dependencies": {
    "cart": {
      "version": "file:../cart"
    },
    "products": {
      "version": "file:../products"
    }
  }
}
